
Microsoft Visual Studio Solution File, Format Version 12.00
# Visual Studio Version 17
VisualStudioVersion = 17.0.32014.148
MinimumVisualStudioVersion = 10.0.40219.1
Project("{9A19103F-16F7-4668-BE54-9A1E7A4F7556}") = "Piet.CodelGrid", "src\Piet.CodelGrid\Piet.CodelGrid.csproj", "{6DC3FF09-8DA6-418E-BC24-B33BD873DC42}"
EndProject
Project("{9A19103F-16F7-4668-BE54-9A1E7A4F7556}") = "Piet.CodelGrid.UnitTests", "src\Piet.CodelGrid.UnitTests\Piet.CodelGrid.UnitTests.csproj", "{01BEB40E-9295-40EB-8235-93474ACF9053}"
EndProject
Project("{9A19103F-16F7-4668-BE54-9A1E7A4F7556}") = "Piet.Color", "src\Piet.Color\Piet.Color.csproj", "{F96C4C27-EF4D-4365-A451-353636C01654}"
EndProject
Project("{9A19103F-16F7-4668-BE54-9A1E7A4F7556}") = "Piet.Color.UnitTests", "src\Piet.Color.UnitTests\Piet.Color.UnitTests.csproj", "{5D75B1B5-CC94-4398-BAF8-9B64F4D0D92B}"
EndProject
Project("{9A19103F-16F7-4668-BE54-9A1E7A4F7556}") = "Piet.Command", "src\Piet.Command\Piet.Command.csproj", "{93B6A238-F308-4D71-BE3D-328CA900C108}"
EndProject
Project("{9A19103F-16F7-4668-BE54-9A1E7A4F7556}") = "Piet.Command.UnitTests", "src\Piet.Command.UnitTets\Piet.Command.UnitTests.csproj", "{464C4AA3-4F63-4F35-BA42-13CB079F70C0}"
EndProject
Project("{9A19103F-16F7-4668-BE54-9A1E7A4F7556}") = "Piet.Interpreter", "src\Piet.Interpreter\Piet.Interpreter.csproj", "{18788A61-1696-4EA5-8D8B-357B58C7EA68}"
EndProject
Project("{9A19103F-16F7-4668-BE54-9A1E7A4F7556}") = "Piet.Interpreter.UnitTests", "src\Piet.Interpreter.UnitTests\Piet.Interpreter.UnitTests.csproj", "{8528179C-EC27-4A85-9B28-50ACEEB83606}"
EndProject
Project("{9A19103F-16F7-4668-BE54-9A1E7A4F7556}") = "Piet.Web", "src\Piet.Web\Piet.Web.csproj", "{5D99599F-2A44-4AFE-B9B4-ACEAC14DD276}"
EndProject
Global
	GlobalSection(SolutionConfigurationPlatforms) = preSolution
		Debug|Any CPU = Debug|Any CPU
		Release|Any CPU = Release|Any CPU
	EndGlobalSection
	GlobalSection(ProjectConfigurationPlatforms) = postSolution
		{6DC3FF09-8DA6-418E-BC24-B33BD873DC42}.Debug|Any CPU.ActiveCfg = Debug|Any CPU
		{6DC3FF09-8DA6-418E-BC24-B33BD873DC42}.Debug|Any CPU.Build.0 = Debug|Any CPU
		{6DC3FF09-8DA6-418E-BC24-B33BD873DC42}.Release|Any CPU.ActiveCfg = Release|Any CPU
		{6DC3FF09-8DA6-418E-BC24-B33BD873DC42}.Release|Any CPU.Build.0 = Release|Any CPU
		{01BEB40E-9295-40EB-8235-93474ACF9053}.Debug|Any CPU.ActiveCfg = Debug|Any CPU
		{01BEB40E-9295-40EB-8235-93474ACF9053}.Debug|Any CPU.Build.0 = Debug|Any CPU
		{01BEB40E-9295-40EB-8235-93474ACF9053}.Release|Any CPU.ActiveCfg = Release|Any CPU
		{01BEB40E-9295-40EB-8235-93474ACF9053}.Release|Any CPU.Build.0 = Release|Any CPU
		{F96C4C27-EF4D-4365-A451-353636C01654}.Debug|Any CPU.ActiveCfg = Debug|Any CPU
		{F96C4C27-EF4D-4365-A451-353636C01654}.Debug|Any CPU.Build.0 = Debug|Any CPU
		{F96C4C27-EF4D-4365-A451-353636C01654}.Release|Any CPU.ActiveCfg = Release|Any CPU
		{F96C4C27-EF4D-4365-A451-353636C01654}.Release|Any CPU.Build.0 = Release|Any CPU
		{5D75B1B5-CC94-4398-BAF8-9B64F4D0D92B}.Debug|Any CPU.ActiveCfg = Debug|Any CPU
		{5D75B1B5-CC94-4398-BAF8-9B64F4D0D92B}.Debug|Any CPU.Build.0 = Debug|Any CPU
		{5D75B1B5-CC94-4398-BAF8-9B64F4D0D92B}.Release|Any CPU.ActiveCfg = Release|Any CPU
		{5D75B1B5-CC94-4398-BAF8-9B64F4D0D92B}.Release|Any CPU.Build.0 = Release|Any CPU
		{93B6A238-F308-4D71-BE3D-328CA900C108}.Debug|Any CPU.ActiveCfg = Debug|Any CPU
		{93B6A238-F308-4D71-BE3D-328CA900C108}.Debug|Any CPU.Build.0 = Debug|Any CPU
		{93B6A238-F308-4D71-BE3D-328CA900C108}.Release|Any CPU.ActiveCfg = Release|Any CPU
		{93B6A238-F308-4D71-BE3D-328CA900C108}.Release|Any CPU.Build.0 = Release|Any CPU
		{464C4AA3-4F63-4F35-BA42-13CB079F70C0}.Debug|Any CPU.ActiveCfg = Debug|Any CPU
		{464C4AA3-4F63-4F35-BA42-13CB079F70C0}.Debug|Any CPU.Build.0 = Debug|Any CPU
		{464C4AA3-4F63-4F35-BA42-13CB079F70C0}.Release|Any CPU.ActiveCfg = Release|Any CPU
		{464C4AA3-4F63-4F35-BA42-13CB079F70C0}.Release|Any CPU.Build.0 = Release|Any CPU
		{18788A61-1696-4EA5-8D8B-357B58C7EA68}.Debug|Any CPU.ActiveCfg = Debug|Any CPU
		{18788A61-1696-4EA5-8D8B-357B58C7EA68}.Debug|Any CPU.Build.0 = Debug|Any CPU
		{18788A61-1696-4EA5-8D8B-357B58C7EA68}.Release|Any CPU.ActiveCfg = Release|Any CPU
		{18788A61-1696-4EA5-8D8B-357B58C7EA68}.Release|Any CPU.Build.0 = Release|Any CPU
		{8528179C-EC27-4A85-9B28-50ACEEB83606}.Debug|Any CPU.ActiveCfg = Debug|Any CPU
		{8528179C-EC27-4A85-9B28-50ACEEB83606}.Debug|Any CPU.Build.0 = Debug|Any CPU
		{8528179C-EC27-4A85-9B28-50ACEEB83606}.Release|Any CPU.ActiveCfg = Release|Any CPU
		{8528179C-EC27-4A85-9B28-50ACEEB83606}.Release|Any CPU.Build.0 = Release|Any CPU
		{5D99599F-2A44-4AFE-B9B4-ACEAC14DD276}.Debug|Any CPU.ActiveCfg = Debug|Any CPU
		{5D99599F-2A44-4AFE-B9B4-ACEAC14DD276}.Debug|Any CPU.Build.0 = Debug|Any CPU
		{5D99599F-2A44-4AFE-B9B4-ACEAC14DD276}.Release|Any CPU.ActiveCfg = Release|Any CPU
		{5D99599F-2A44-4AFE-B9B4-ACEAC14DD276}.Release|Any CPU.Build.0 = Release|Any CPU
	EndGlobalSection
	GlobalSection(SolutionProperties) = preSolution
		HideSolutionNode = FALSE
	EndGlobalSection
	GlobalSection(ExtensibilityGlobals) = postSolution
		SolutionGuid = {89BC165B-81A3-44E4-87C1-05B0E0B0E246}
	EndGlobalSection
EndGlobal
