
Microsoft Visual Studio Solution File, Format Version 12.00
# Visual Studio Version 17
VisualStudioVersion = 17.0.32014.148
MinimumVisualStudioVersion = 10.0.40219.1
Project("{9A19103F-16F7-4668-BE54-9A1E7A4F7556}") = "Piet.Web", "Piet.Web\Piet.Web.csproj", "{71AD7C1D-E2AA-4C0E-8609-6351A5E0EA2C}"
EndProject
Project("{9A19103F-16F7-4668-BE54-9A1E7A4F7556}") = "Piet.Grid", "Piet.Grid\Piet.Grid.csproj", "{13DA9880-7D42-420F-9EC3-5BC3E4D9DBF8}"
EndProject
Project("{9A19103F-16F7-4668-BE54-9A1E7A4F7556}") = "Piet.Color", "Piet.Color\Piet.Color.csproj", "{9AB4BE48-C3E7-427D-8096-62A441B746AF}"
EndProject
Project("{9A19103F-16F7-4668-BE54-9A1E7A4F7556}") = "Piet.Color.UnitTests", "Piet.Color.UnitTests\Piet.Color.UnitTests.csproj", "{54832964-4B30-4E49-864C-F77C233EA9F6}"
EndProject
Project("{9A19103F-16F7-4668-BE54-9A1E7A4F7556}") = "Piet.Grid.UnitTests", "Piet.Grid.UnitTests\Piet.Grid.UnitTests.csproj", "{725E3A16-9812-4A4E-9729-E62FBB6038A7}"
EndProject
Global
	GlobalSection(SolutionConfigurationPlatforms) = preSolution
		Debug|Any CPU = Debug|Any CPU
		Release|Any CPU = Release|Any CPU
	EndGlobalSection
	GlobalSection(ProjectConfigurationPlatforms) = postSolution
		{71AD7C1D-E2AA-4C0E-8609-6351A5E0EA2C}.Debug|Any CPU.ActiveCfg = Debug|Any CPU
		{71AD7C1D-E2AA-4C0E-8609-6351A5E0EA2C}.Debug|Any CPU.Build.0 = Debug|Any CPU
		{71AD7C1D-E2AA-4C0E-8609-6351A5E0EA2C}.Release|Any CPU.ActiveCfg = Release|Any CPU
		{71AD7C1D-E2AA-4C0E-8609-6351A5E0EA2C}.Release|Any CPU.Build.0 = Release|Any CPU
		{13DA9880-7D42-420F-9EC3-5BC3E4D9DBF8}.Debug|Any CPU.ActiveCfg = Debug|Any CPU
		{13DA9880-7D42-420F-9EC3-5BC3E4D9DBF8}.Debug|Any CPU.Build.0 = Debug|Any CPU
		{13DA9880-7D42-420F-9EC3-5BC3E4D9DBF8}.Release|Any CPU.ActiveCfg = Release|Any CPU
		{13DA9880-7D42-420F-9EC3-5BC3E4D9DBF8}.Release|Any CPU.Build.0 = Release|Any CPU
		{9AB4BE48-C3E7-427D-8096-62A441B746AF}.Debug|Any CPU.ActiveCfg = Debug|Any CPU
		{9AB4BE48-C3E7-427D-8096-62A441B746AF}.Debug|Any CPU.Build.0 = Debug|Any CPU
		{9AB4BE48-C3E7-427D-8096-62A441B746AF}.Release|Any CPU.ActiveCfg = Release|Any CPU
		{9AB4BE48-C3E7-427D-8096-62A441B746AF}.Release|Any CPU.Build.0 = Release|Any CPU
		{54832964-4B30-4E49-864C-F77C233EA9F6}.Debug|Any CPU.ActiveCfg = Debug|Any CPU
		{54832964-4B30-4E49-864C-F77C233EA9F6}.Debug|Any CPU.Build.0 = Debug|Any CPU
		{54832964-4B30-4E49-864C-F77C233EA9F6}.Release|Any CPU.ActiveCfg = Release|Any CPU
		{54832964-4B30-4E49-864C-F77C233EA9F6}.Release|Any CPU.Build.0 = Release|Any CPU
		{725E3A16-9812-4A4E-9729-E62FBB6038A7}.Debug|Any CPU.ActiveCfg = Debug|Any CPU
		{725E3A16-9812-4A4E-9729-E62FBB6038A7}.Debug|Any CPU.Build.0 = Debug|Any CPU
		{725E3A16-9812-4A4E-9729-E62FBB6038A7}.Release|Any CPU.ActiveCfg = Release|Any CPU
		{725E3A16-9812-4A4E-9729-E62FBB6038A7}.Release|Any CPU.Build.0 = Release|Any CPU
	EndGlobalSection
	GlobalSection(SolutionProperties) = preSolution
		HideSolutionNode = FALSE
	EndGlobalSection
	GlobalSection(ExtensibilityGlobals) = postSolution
		SolutionGuid = {89BC165B-81A3-44E4-87C1-05B0E0B0E246}
	EndGlobalSection
EndGlobal
