
Microsoft Visual Studio Solution File, Format Version 12.00
# Visual Studio Version 17
VisualStudioVersion = 17.0.32014.148
MinimumVisualStudioVersion = 10.0.40219.1
Project("{9A19103F-16F7-4668-BE54-9A1E7A4F7556}") = "Piet.CodelGrid", "src\Piet.CodelGrid\Piet.CodelGrid.csproj", "{EAE45C27-F76F-47FA-AE8D-13A3F413E92E}"
EndProject
Project("{9A19103F-16F7-4668-BE54-9A1E7A4F7556}") = "Piet.CodelGrid.UnitTests", "src\Piet.CodelGrid.UnitTests\Piet.CodelGrid.UnitTests.csproj", "{8FC2AD0A-7495-4AD1-AEB3-38DA5B012D41}"
EndProject
Project("{9A19103F-16F7-4668-BE54-9A1E7A4F7556}") = "Piet.Color", "src\Piet.Color\Piet.Color.csproj", "{9A5A4146-4FC6-4685-83CA-284FCBDF2653}"
EndProject
Project("{9A19103F-16F7-4668-BE54-9A1E7A4F7556}") = "Piet.Color.UnitTests", "src\Piet.Color.UnitTests\Piet.Color.UnitTests.csproj", "{4E941735-4D14-4D7B-8B71-5D2A5DA7AA99}"
EndProject
Project("{9A19103F-16F7-4668-BE54-9A1E7A4F7556}") = "Piet.Command", "src\Piet.Command\Piet.Command.csproj", "{FC37809C-EDEB-42AF-AFE5-2C2A565AE396}"
EndProject
Project("{9A19103F-16F7-4668-BE54-9A1E7A4F7556}") = "Piet.Command.UnitTests", "src\Piet.Command.UnitTets\Piet.Command.UnitTests.csproj", "{6C0CFDBC-D85E-44C1-A179-5C45F29D3EEA}"
EndProject
Project("{9A19103F-16F7-4668-BE54-9A1E7A4F7556}") = "Piet.Interpreter", "src\Piet.Interpreter\Piet.Interpreter.csproj", "{4993429C-ECEA-492B-B3E5-0AA3D7BED272}"
EndProject
Project("{9A19103F-16F7-4668-BE54-9A1E7A4F7556}") = "Piet.Interpreter.UnitTests", "src\Piet.Interpreter.UnitTests\Piet.Interpreter.UnitTests.csproj", "{6C68968D-1841-4D21-8DF5-01A1CB8CC765}"
EndProject
Project("{9A19103F-16F7-4668-BE54-9A1E7A4F7556}") = "Piet.Web", "src\Piet.Web\Piet.Web.csproj", "{54F1B462-41AF-4B39-A6AC-8BF4E0324172}"
EndProject
Global
	GlobalSection(SolutionConfigurationPlatforms) = preSolution
		Debug|Any CPU = Debug|Any CPU
		Release|Any CPU = Release|Any CPU
	EndGlobalSection
	GlobalSection(ProjectConfigurationPlatforms) = postSolution
		{EAE45C27-F76F-47FA-AE8D-13A3F413E92E}.Debug|Any CPU.ActiveCfg = Debug|Any CPU
		{EAE45C27-F76F-47FA-AE8D-13A3F413E92E}.Debug|Any CPU.Build.0 = Debug|Any CPU
		{EAE45C27-F76F-47FA-AE8D-13A3F413E92E}.Release|Any CPU.ActiveCfg = Release|Any CPU
		{EAE45C27-F76F-47FA-AE8D-13A3F413E92E}.Release|Any CPU.Build.0 = Release|Any CPU
		{8FC2AD0A-7495-4AD1-AEB3-38DA5B012D41}.Debug|Any CPU.ActiveCfg = Debug|Any CPU
		{8FC2AD0A-7495-4AD1-AEB3-38DA5B012D41}.Debug|Any CPU.Build.0 = Debug|Any CPU
		{8FC2AD0A-7495-4AD1-AEB3-38DA5B012D41}.Release|Any CPU.ActiveCfg = Release|Any CPU
		{8FC2AD0A-7495-4AD1-AEB3-38DA5B012D41}.Release|Any CPU.Build.0 = Release|Any CPU
		{9A5A4146-4FC6-4685-83CA-284FCBDF2653}.Debug|Any CPU.ActiveCfg = Debug|Any CPU
		{9A5A4146-4FC6-4685-83CA-284FCBDF2653}.Debug|Any CPU.Build.0 = Debug|Any CPU
		{9A5A4146-4FC6-4685-83CA-284FCBDF2653}.Release|Any CPU.ActiveCfg = Release|Any CPU
		{9A5A4146-4FC6-4685-83CA-284FCBDF2653}.Release|Any CPU.Build.0 = Release|Any CPU
		{4E941735-4D14-4D7B-8B71-5D2A5DA7AA99}.Debug|Any CPU.ActiveCfg = Debug|Any CPU
		{4E941735-4D14-4D7B-8B71-5D2A5DA7AA99}.Debug|Any CPU.Build.0 = Debug|Any CPU
		{4E941735-4D14-4D7B-8B71-5D2A5DA7AA99}.Release|Any CPU.ActiveCfg = Release|Any CPU
		{4E941735-4D14-4D7B-8B71-5D2A5DA7AA99}.Release|Any CPU.Build.0 = Release|Any CPU
		{FC37809C-EDEB-42AF-AFE5-2C2A565AE396}.Debug|Any CPU.ActiveCfg = Debug|Any CPU
		{FC37809C-EDEB-42AF-AFE5-2C2A565AE396}.Debug|Any CPU.Build.0 = Debug|Any CPU
		{FC37809C-EDEB-42AF-AFE5-2C2A565AE396}.Release|Any CPU.ActiveCfg = Release|Any CPU
		{FC37809C-EDEB-42AF-AFE5-2C2A565AE396}.Release|Any CPU.Build.0 = Release|Any CPU
		{6C0CFDBC-D85E-44C1-A179-5C45F29D3EEA}.Debug|Any CPU.ActiveCfg = Debug|Any CPU
		{6C0CFDBC-D85E-44C1-A179-5C45F29D3EEA}.Debug|Any CPU.Build.0 = Debug|Any CPU
		{6C0CFDBC-D85E-44C1-A179-5C45F29D3EEA}.Release|Any CPU.ActiveCfg = Release|Any CPU
		{6C0CFDBC-D85E-44C1-A179-5C45F29D3EEA}.Release|Any CPU.Build.0 = Release|Any CPU
		{4993429C-ECEA-492B-B3E5-0AA3D7BED272}.Debug|Any CPU.ActiveCfg = Debug|Any CPU
		{4993429C-ECEA-492B-B3E5-0AA3D7BED272}.Debug|Any CPU.Build.0 = Debug|Any CPU
		{4993429C-ECEA-492B-B3E5-0AA3D7BED272}.Release|Any CPU.ActiveCfg = Release|Any CPU
		{4993429C-ECEA-492B-B3E5-0AA3D7BED272}.Release|Any CPU.Build.0 = Release|Any CPU
		{6C68968D-1841-4D21-8DF5-01A1CB8CC765}.Debug|Any CPU.ActiveCfg = Debug|Any CPU
		{6C68968D-1841-4D21-8DF5-01A1CB8CC765}.Debug|Any CPU.Build.0 = Debug|Any CPU
		{6C68968D-1841-4D21-8DF5-01A1CB8CC765}.Release|Any CPU.ActiveCfg = Release|Any CPU
		{6C68968D-1841-4D21-8DF5-01A1CB8CC765}.Release|Any CPU.Build.0 = Release|Any CPU
		{54F1B462-41AF-4B39-A6AC-8BF4E0324172}.Debug|Any CPU.ActiveCfg = Debug|Any CPU
		{54F1B462-41AF-4B39-A6AC-8BF4E0324172}.Debug|Any CPU.Build.0 = Debug|Any CPU
		{54F1B462-41AF-4B39-A6AC-8BF4E0324172}.Release|Any CPU.ActiveCfg = Release|Any CPU
		{54F1B462-41AF-4B39-A6AC-8BF4E0324172}.Release|Any CPU.Build.0 = Release|Any CPU
	EndGlobalSection
	GlobalSection(SolutionProperties) = preSolution
		HideSolutionNode = FALSE
	EndGlobalSection
	GlobalSection(ExtensibilityGlobals) = postSolution
		SolutionGuid = {89BC165B-81A3-44E4-87C1-05B0E0B0E246}
	EndGlobalSection
EndGlobal
