
Microsoft Visual Studio Solution File, Format Version 12.00
# Visual Studio Version 17
VisualStudioVersion = 17.0.32014.148
MinimumVisualStudioVersion = 10.0.40219.1
Project("{FAE04EC0-301F-11D3-BF4B-00C04F79EFBC}") = "BlazorApp1.Server", "BlazorApp1\Server\BlazorApp1.Server.csproj", "{9793D6DB-3EA2-43FA-A1A2-50CE936911AB}"
EndProject
Project("{FAE04EC0-301F-11D3-BF4B-00C04F79EFBC}") = "BlazorApp1.Client", "BlazorApp1\Client\BlazorApp1.Client.csproj", "{797ECACB-7011-46F9-9AA7-D5D4DD30CF7F}"
EndProject
Project("{FAE04EC0-301F-11D3-BF4B-00C04F79EFBC}") = "BlazorApp1.Shared", "BlazorApp1\Shared\BlazorApp1.Shared.csproj", "{C7EA178D-B394-4C43-9B4F-19A6E8684CB3}"
EndProject
Global
	GlobalSection(SolutionConfigurationPlatforms) = preSolution
		Debug|Any CPU = Debug|Any CPU
		Release|Any CPU = Release|Any CPU
	EndGlobalSection
	GlobalSection(ProjectConfigurationPlatforms) = postSolution
		{9793D6DB-3EA2-43FA-A1A2-50CE936911AB}.Debug|Any CPU.ActiveCfg = Debug|Any CPU
		{9793D6DB-3EA2-43FA-A1A2-50CE936911AB}.Debug|Any CPU.Build.0 = Debug|Any CPU
		{9793D6DB-3EA2-43FA-A1A2-50CE936911AB}.Release|Any CPU.ActiveCfg = Release|Any CPU
		{9793D6DB-3EA2-43FA-A1A2-50CE936911AB}.Release|Any CPU.Build.0 = Release|Any CPU
		{797ECACB-7011-46F9-9AA7-D5D4DD30CF7F}.Debug|Any CPU.ActiveCfg = Debug|Any CPU
		{797ECACB-7011-46F9-9AA7-D5D4DD30CF7F}.Debug|Any CPU.Build.0 = Debug|Any CPU
		{797ECACB-7011-46F9-9AA7-D5D4DD30CF7F}.Release|Any CPU.ActiveCfg = Release|Any CPU
		{797ECACB-7011-46F9-9AA7-D5D4DD30CF7F}.Release|Any CPU.Build.0 = Release|Any CPU
		{C7EA178D-B394-4C43-9B4F-19A6E8684CB3}.Debug|Any CPU.ActiveCfg = Debug|Any CPU
		{C7EA178D-B394-4C43-9B4F-19A6E8684CB3}.Debug|Any CPU.Build.0 = Debug|Any CPU
		{C7EA178D-B394-4C43-9B4F-19A6E8684CB3}.Release|Any CPU.ActiveCfg = Release|Any CPU
		{C7EA178D-B394-4C43-9B4F-19A6E8684CB3}.Release|Any CPU.Build.0 = Release|Any CPU
	EndGlobalSection
	GlobalSection(SolutionProperties) = preSolution
		HideSolutionNode = FALSE
	EndGlobalSection
	GlobalSection(ExtensibilityGlobals) = postSolution
		SolutionGuid = {31C68446-D3D3-4C3C-BDE0-5ABB5C29F17E}
	EndGlobalSection
EndGlobal
